// !$*UTF8*$!
{
	archiveVersion = 1;
	classes = {
	};
	objectVersion = 56;
	objects = {

/* Begin PBXBuildFile section */
		C66D8CAE2C340F5A006CBD7F /* UnityFramework.framework in Frameworks */ = {isa = PBXBuildFile; fileRef = C66D8CA72C340F3D006CBD7F /* UnityFramework.framework */; };
		C66D8CAF2C340F5A006CBD7F /* UnityFramework.framework in Embed Frameworks */ = {isa = PBXBuildFile; fileRef = C66D8CA72C340F3D006CBD7F /* UnityFramework.framework */; settings = {ATTRIBUTES = (CodeSignOnCopy, RemoveHeadersOnCopy, ); }; };
		E00E38642C32AC7D006D535C /* AppDelegate.m in Sources */ = {isa = PBXBuildFile; fileRef = E00E38632C32AC7D006D535C /* AppDelegate.m */; };
		E00E386A2C32AC7D006D535C /* ViewController.m in Sources */ = {isa = PBXBuildFile; fileRef = E00E38692C32AC7D006D535C /* ViewController.m */; };
		E00E386D2C32AC7D006D535C /* Main.storyboard in Resources */ = {isa = PBXBuildFile; fileRef = E00E386B2C32AC7D006D535C /* Main.storyboard */; };
		E00E386F2C32AC7E006D535C /* Assets.xcassets in Resources */ = {isa = PBXBuildFile; fileRef = E00E386E2C32AC7E006D535C /* Assets.xcassets */; };
		E00E38722C32AC7E006D535C /* LaunchScreen.storyboard in Resources */ = {isa = PBXBuildFile; fileRef = E00E38702C32AC7E006D535C /* LaunchScreen.storyboard */; };
		E00E38752C32AC7E006D535C /* main.m in Sources */ = {isa = PBXBuildFile; fileRef = E00E38742C32AC7E006D535C /* main.m */; };
		E00E387F2C32AC7E006D535C /* unitytenpatTests.m in Sources */ = {isa = PBXBuildFile; fileRef = E00E387E2C32AC7E006D535C /* unitytenpatTests.m */; };
		E00E38892C32AC7E006D535C /* unitytenpatUITests.m in Sources */ = {isa = PBXBuildFile; fileRef = E00E38882C32AC7E006D535C /* unitytenpatUITests.m */; };
		E00E388B2C32AC7E006D535C /* unitytenpatUITestsLaunchTests.m in Sources */ = {isa = PBXBuildFile; fileRef = E00E388A2C32AC7E006D535C /* unitytenpatUITestsLaunchTests.m */; };
		E00E38C22C32B06C006D535C /* Pods_unitytenpat.framework in Frameworks */ = {isa = PBXBuildFile; fileRef = 70F2A0A22479A9A2E982EEF4 /* Pods_unitytenpat.framework */; };
/* End PBXBuildFile section */

/* Begin PBXContainerItemProxy section */
		C66D8CA22C340F3D006CBD7F /* PBXContainerItemProxy */ = {
			isa = PBXContainerItemProxy;
			containerPortal = C66D8C9C2C340F3D006CBD7F /* Unity-iPhone.xcodeproj */;
			proxyType = 2;
			remoteGlobalIDString = 1D6058910D05DD3D006BFB54;
			remoteInfo = "Unity-iPhone";
		};
		C66D8CA42C340F3D006CBD7F /* PBXContainerItemProxy */ = {
			isa = PBXContainerItemProxy;
			containerPortal = C66D8C9C2C340F3D006CBD7F /* Unity-iPhone.xcodeproj */;
			proxyType = 2;
			remoteGlobalIDString = 5623C57317FDCB0800090B9E;
			remoteInfo = "Unity-iPhone Tests";
		};
		C66D8CA62C340F3D006CBD7F /* PBXContainerItemProxy */ = {
			isa = PBXContainerItemProxy;
			containerPortal = C66D8C9C2C340F3D006CBD7F /* Unity-iPhone.xcodeproj */;
			proxyType = 2;
			remoteGlobalIDString = 9D25AB9D213FB47800354C27;
			remoteInfo = UnityFramework;
		};
		E00E387B2C32AC7E006D535C /* PBXContainerItemProxy */ = {
			isa = PBXContainerItemProxy;
			containerPortal = E00E38572C32AC7D006D535C /* Project object */;
			proxyType = 1;
			remoteGlobalIDString = E00E385E2C32AC7D006D535C;
			remoteInfo = unitytenpat;
		};
		E00E38852C32AC7E006D535C /* PBXContainerItemProxy */ = {
			isa = PBXContainerItemProxy;
			containerPortal = E00E38572C32AC7D006D535C /* Project object */;
			proxyType = 1;
			remoteGlobalIDString = E00E385E2C32AC7D006D535C;
			remoteInfo = unitytenpat;
		};
/* End PBXContainerItemProxy section */

/* Begin PBXCopyFilesBuildPhase section */
		E00E38C62C32B076006D535C /* Embed Frameworks */ = {
			isa = PBXCopyFilesBuildPhase;
			buildActionMask = 2147483647;
			dstPath = "";
			dstSubfolderSpec = 10;
			files = (
				C66D8CAF2C340F5A006CBD7F /* UnityFramework.framework in Embed Frameworks */,
			);
			name = "Embed Frameworks";
			runOnlyForDeploymentPostprocessing = 0;
		};
/* End PBXCopyFilesBuildPhase section */

/* Begin PBXFileReference section */
		70F2A0A22479A9A2E982EEF4 /* Pods_unitytenpat.framework */ = {isa = PBXFileReference; explicitFileType = wrapper.framework; includeInIndex = 0; path = Pods_unitytenpat.framework; sourceTree = BUILT_PRODUCTS_DIR; };
		858F9C7CCF71F8E679473BAE /* Pods-unitytenpat.debug.xcconfig */ = {isa = PBXFileReference; includeInIndex = 1; lastKnownFileType = text.xcconfig; name = "Pods-unitytenpat.debug.xcconfig"; path = "Target Support Files/Pods-unitytenpat/Pods-unitytenpat.debug.xcconfig"; sourceTree = "<group>"; };
		C66D8C9C2C340F3D006CBD7F /* Unity-iPhone.xcodeproj */ = {isa = PBXFileReference; lastKnownFileType = "wrapper.pb-project"; name = "Unity-iPhone.xcodeproj"; path = "Unity-iPhone/Unity-iPhone.xcodeproj"; sourceTree = "<group>"; };
		E00E385F2C32AC7D006D535C /* unitytenpat.app */ = {isa = PBXFileReference; explicitFileType = wrapper.application; includeInIndex = 0; path = unitytenpat.app; sourceTree = BUILT_PRODUCTS_DIR; };
		E00E38622C32AC7D006D535C /* AppDelegate.h */ = {isa = PBXFileReference; lastKnownFileType = sourcecode.c.h; path = AppDelegate.h; sourceTree = "<group>"; };
		E00E38632C32AC7D006D535C /* AppDelegate.m */ = {isa = PBXFileReference; lastKnownFileType = sourcecode.c.objc; path = AppDelegate.m; sourceTree = "<group>"; };
		E00E38682C32AC7D006D535C /* ViewController.h */ = {isa = PBXFileReference; lastKnownFileType = sourcecode.c.h; path = ViewController.h; sourceTree = "<group>"; };
		E00E38692C32AC7D006D535C /* ViewController.m */ = {isa = PBXFileReference; lastKnownFileType = sourcecode.c.objc; path = ViewController.m; sourceTree = "<group>"; };
		E00E386C2C32AC7D006D535C /* Base */ = {isa = PBXFileReference; lastKnownFileType = file.storyboard; name = Base; path = Base.lproj/Main.storyboard; sourceTree = "<group>"; };
		E00E386E2C32AC7E006D535C /* Assets.xcassets */ = {isa = PBXFileReference; lastKnownFileType = folder.assetcatalog; path = Assets.xcassets; sourceTree = "<group>"; };
		E00E38712C32AC7E006D535C /* Base */ = {isa = PBXFileReference; lastKnownFileType = file.storyboard; name = Base; path = Base.lproj/LaunchScreen.storyboard; sourceTree = "<group>"; };
		E00E38732C32AC7E006D535C /* Info.plist */ = {isa = PBXFileReference; lastKnownFileType = text.plist.xml; path = Info.plist; sourceTree = "<group>"; };
		E00E38742C32AC7E006D535C /* main.m */ = {isa = PBXFileReference; lastKnownFileType = sourcecode.c.objc; path = main.m; sourceTree = "<group>"; };
		E00E387A2C32AC7E006D535C /* unitytenpatTests.xctest */ = {isa = PBXFileReference; explicitFileType = wrapper.cfbundle; includeInIndex = 0; path = unitytenpatTests.xctest; sourceTree = BUILT_PRODUCTS_DIR; };
		E00E387E2C32AC7E006D535C /* unitytenpatTests.m */ = {isa = PBXFileReference; lastKnownFileType = sourcecode.c.objc; path = unitytenpatTests.m; sourceTree = "<group>"; };
		E00E38842C32AC7E006D535C /* unitytenpatUITests.xctest */ = {isa = PBXFileReference; explicitFileType = wrapper.cfbundle; includeInIndex = 0; path = unitytenpatUITests.xctest; sourceTree = BUILT_PRODUCTS_DIR; };
		E00E38882C32AC7E006D535C /* unitytenpatUITests.m */ = {isa = PBXFileReference; lastKnownFileType = sourcecode.c.objc; path = unitytenpatUITests.m; sourceTree = "<group>"; };
		E00E388A2C32AC7E006D535C /* unitytenpatUITestsLaunchTests.m */ = {isa = PBXFileReference; lastKnownFileType = sourcecode.c.objc; path = unitytenpatUITestsLaunchTests.m; sourceTree = "<group>"; };
		E2589DB726BE390FB171DD1A /* Pods-unitytenpat.release.xcconfig */ = {isa = PBXFileReference; includeInIndex = 1; lastKnownFileType = text.xcconfig; name = "Pods-unitytenpat.release.xcconfig"; path = "Target Support Files/Pods-unitytenpat/Pods-unitytenpat.release.xcconfig"; sourceTree = "<group>"; };
/* End PBXFileReference section */

/* Begin PBXFrameworksBuildPhase section */
		E00E385C2C32AC7D006D535C /* Frameworks */ = {
			isa = PBXFrameworksBuildPhase;
			buildActionMask = 2147483647;
			files = (
				E00E38C22C32B06C006D535C /* Pods_unitytenpat.framework in Frameworks */,
				C66D8CAE2C340F5A006CBD7F /* UnityFramework.framework in Frameworks */,
			);
			runOnlyForDeploymentPostprocessing = 0;
		};
		E00E38772C32AC7E006D535C /* Frameworks */ = {
			isa = PBXFrameworksBuildPhase;
			buildActionMask = 2147483647;
			files = (
			);
			runOnlyForDeploymentPostprocessing = 0;
		};
		E00E38812C32AC7E006D535C /* Frameworks */ = {
			isa = PBXFrameworksBuildPhase;
			buildActionMask = 2147483647;
			files = (
			);
			runOnlyForDeploymentPostprocessing = 0;
		};
/* End PBXFrameworksBuildPhase section */

/* Begin PBXGroup section */
		128F070BC8948E0BC4565092 /* Frameworks */ = {
			isa = PBXGroup;
			children = (
				70F2A0A22479A9A2E982EEF4 /* Pods_unitytenpat.framework */,
			);
			name = Frameworks;
			sourceTree = "<group>";
		};
		7E305B864124323485A0213E /* Pods */ = {
			isa = PBXGroup;
			children = (
				858F9C7CCF71F8E679473BAE /* Pods-unitytenpat.debug.xcconfig */,
				E2589DB726BE390FB171DD1A /* Pods-unitytenpat.release.xcconfig */,
			);
			path = Pods;
			sourceTree = "<group>";
		};
		C66D8C9D2C340F3D006CBD7F /* Products */ = {
			isa = PBXGroup;
			children = (
				C66D8CA32C340F3D006CBD7F /* 2D3.app */,
				C66D8CA52C340F3D006CBD7F /* Unity-iPhone Tests.xctest */,
				C66D8CA72C340F3D006CBD7F /* UnityFramework.framework */,
			);
			name = Products;
			sourceTree = "<group>";
		};
		E00E38562C32AC7D006D535C = {
			isa = PBXGroup;
			children = (
				C66D8C9C2C340F3D006CBD7F /* Unity-iPhone.xcodeproj */,
				E00E38612C32AC7D006D535C /* unitytenpat */,
				E00E387D2C32AC7E006D535C /* unitytenpatTests */,
				E00E38872C32AC7E006D535C /* unitytenpatUITests */,
				E00E38602C32AC7D006D535C /* Products */,
				7E305B864124323485A0213E /* Pods */,
				128F070BC8948E0BC4565092 /* Frameworks */,
			);
			sourceTree = "<group>";
		};
		E00E38602C32AC7D006D535C /* Products */ = {
			isa = PBXGroup;
			children = (
				E00E385F2C32AC7D006D535C /* unitytenpat.app */,
				E00E387A2C32AC7E006D535C /* unitytenpatTests.xctest */,
				E00E38842C32AC7E006D535C /* unitytenpatUITests.xctest */,
			);
			name = Products;
			sourceTree = "<group>";
		};
		E00E38612C32AC7D006D535C /* unitytenpat */ = {
			isa = PBXGroup;
			children = (
				E00E38622C32AC7D006D535C /* AppDelegate.h */,
				E00E38632C32AC7D006D535C /* AppDelegate.m */,
				E00E38682C32AC7D006D535C /* ViewController.h */,
				E00E38692C32AC7D006D535C /* ViewController.m */,
				E00E386B2C32AC7D006D535C /* Main.storyboard */,
				E00E386E2C32AC7E006D535C /* Assets.xcassets */,
				E00E38702C32AC7E006D535C /* LaunchScreen.storyboard */,
				E00E38732C32AC7E006D535C /* Info.plist */,
				E00E38742C32AC7E006D535C /* main.m */,
			);
			path = unitytenpat;
			sourceTree = "<group>";
		};
		E00E387D2C32AC7E006D535C /* unitytenpatTests */ = {
			isa = PBXGroup;
			children = (
				E00E387E2C32AC7E006D535C /* unitytenpatTests.m */,
			);
			path = unitytenpatTests;
			sourceTree = "<group>";
		};
		E00E38872C32AC7E006D535C /* unitytenpatUITests */ = {
			isa = PBXGroup;
			children = (
				E00E38882C32AC7E006D535C /* unitytenpatUITests.m */,
				E00E388A2C32AC7E006D535C /* unitytenpatUITestsLaunchTests.m */,
			);
			path = unitytenpatUITests;
			sourceTree = "<group>";
		};
/* End PBXGroup section */

/* Begin PBXNativeTarget section */
		E00E385E2C32AC7D006D535C /* unitytenpat */ = {
			isa = PBXNativeTarget;
			buildConfigurationList = E00E388E2C32AC7E006D535C /* Build configuration list for PBXNativeTarget "unitytenpat" */;
			buildPhases = (
				031DDA067A196B25BE5E80D8 /* [CP] Check Pods Manifest.lock */,
				E00E385B2C32AC7D006D535C /* Sources */,
				E00E385C2C32AC7D006D535C /* Frameworks */,
				E00E385D2C32AC7D006D535C /* Resources */,
				4B67201FA21F428FA31ABA06 /* [CP] Embed Pods Frameworks */,
				E00E38C62C32B076006D535C /* Embed Frameworks */,
			);
			buildRules = (
			);
			dependencies = (
			);
			name = unitytenpat;
			productName = unitytenpat;
			productReference = E00E385F2C32AC7D006D535C /* unitytenpat.app */;
			productType = "com.apple.product-type.application";
		};
		E00E38792C32AC7E006D535C /* unitytenpatTests */ = {
			isa = PBXNativeTarget;
			buildConfigurationList = E00E38912C32AC7E006D535C /* Build configuration list for PBXNativeTarget "unitytenpatTests" */;
			buildPhases = (
				E00E38762C32AC7E006D535C /* Sources */,
				E00E38772C32AC7E006D535C /* Frameworks */,
				E00E38782C32AC7E006D535C /* Resources */,
			);
			buildRules = (
			);
			dependencies = (
				E00E387C2C32AC7E006D535C /* PBXTargetDependency */,
			);
			name = unitytenpatTests;
			productName = unitytenpatTests;
			productReference = E00E387A2C32AC7E006D535C /* unitytenpatTests.xctest */;
			productType = "com.apple.product-type.bundle.unit-test";
		};
		E00E38832C32AC7E006D535C /* unitytenpatUITests */ = {
			isa = PBXNativeTarget;
			buildConfigurationList = E00E38942C32AC7E006D535C /* Build configuration list for PBXNativeTarget "unitytenpatUITests" */;
			buildPhases = (
				E00E38802C32AC7E006D535C /* Sources */,
				E00E38812C32AC7E006D535C /* Frameworks */,
				E00E38822C32AC7E006D535C /* Resources */,
			);
			buildRules = (
			);
			dependencies = (
				E00E38862C32AC7E006D535C /* PBXTargetDependency */,
			);
			name = unitytenpatUITests;
			productName = unitytenpatUITests;
			productReference = E00E38842C32AC7E006D535C /* unitytenpatUITests.xctest */;
			productType = "com.apple.product-type.bundle.ui-testing";
		};
/* End PBXNativeTarget section */

/* Begin PBXProject section */
		E00E38572C32AC7D006D535C /* Project object */ = {
			isa = PBXProject;
			attributes = {
				BuildIndependentTargetsInParallel = 1;
				LastUpgradeCheck = 1520;
				TargetAttributes = {
					E00E385E2C32AC7D006D535C = {
						CreatedOnToolsVersion = 15.2;
					};
					E00E38792C32AC7E006D535C = {
						CreatedOnToolsVersion = 15.2;
						TestTargetID = E00E385E2C32AC7D006D535C;
					};
					E00E38832C32AC7E006D535C = {
						CreatedOnToolsVersion = 15.2;
						TestTargetID = E00E385E2C32AC7D006D535C;
					};
				};
			};
			buildConfigurationList = E00E385A2C32AC7D006D535C /* Build configuration list for PBXProject "unitytenpat" */;
			compatibilityVersion = "Xcode 14.0";
			developmentRegion = en;
			hasScannedForEncodings = 0;
			knownRegions = (
				en,
				Base,
			);
			mainGroup = E00E38562C32AC7D006D535C;
			productRefGroup = E00E38602C32AC7D006D535C /* Products */;
			projectDirPath = "";
			projectReferences = (
				{
					ProductGroup = C66D8C9D2C340F3D006CBD7F /* Products */;
					ProjectRef = C66D8C9C2C340F3D006CBD7F /* Unity-iPhone.xcodeproj */;
				},
			);
			projectRoot = "";
			targets = (
				E00E385E2C32AC7D006D535C /* unitytenpat */,
				E00E38792C32AC7E006D535C /* unitytenpatTests */,
				E00E38832C32AC7E006D535C /* unitytenpatUITests */,
			);
		};
/* End PBXProject section */

/* Begin PBXReferenceProxy section */
		C66D8CA32C340F3D006CBD7F /* 2D3.app */ = {
			isa = PBXReferenceProxy;
			fileType = wrapper.application;
			path = 2D3.app;
			remoteRef = C66D8CA22C340F3D006CBD7F /* PBXContainerItemProxy */;
			sourceTree = BUILT_PRODUCTS_DIR;
		};
		C66D8CA52C340F3D006CBD7F /* Unity-iPhone Tests.xctest */ = {
			isa = PBXReferenceProxy;
			fileType = wrapper.cfbundle;
			path = "Unity-iPhone Tests.xctest";
			remoteRef = C66D8CA42C340F3D006CBD7F /* PBXContainerItemProxy */;
			sourceTree = BUILT_PRODUCTS_DIR;
		};
		C66D8CA72C340F3D006CBD7F /* UnityFramework.framework */ = {
			isa = PBXReferenceProxy;
			fileType = wrapper.framework;
			path = UnityFramework.framework;
			remoteRef = C66D8CA62C340F3D006CBD7F /* PBXContainerItemProxy */;
			sourceTree = BUILT_PRODUCTS_DIR;
		};
/* End PBXReferenceProxy section */

/* Begin PBXResourcesBuildPhase section */
		E00E385D2C32AC7D006D535C /* Resources */ = {
			isa = PBXResourcesBuildPhase;
			buildActionMask = 2147483647;
			files = (
				E00E38722C32AC7E006D535C /* LaunchScreen.storyboard in Resources */,
				E00E386F2C32AC7E006D535C /* Assets.xcassets in Resources */,
				E00E386D2C32AC7D006D535C /* Main.storyboard in Resources */,
			);
			runOnlyForDeploymentPostprocessing = 0;
		};
		E00E38782C32AC7E006D535C /* Resources */ = {
			isa = PBXResourcesBuildPhase;
			buildActionMask = 2147483647;
			files = (
			);
			runOnlyForDeploymentPostprocessing = 0;
		};
		E00E38822C32AC7E006D535C /* Resources */ = {
			isa = PBXResourcesBuildPhase;
			buildActionMask = 2147483647;
			files = (
			);
			runOnlyForDeploymentPostprocessing = 0;
		};
/* End PBXResourcesBuildPhase section */

/* Begin PBXShellScriptBuildPhase section */
		031DDA067A196B25BE5E80D8 /* [CP] Check Pods Manifest.lock */ = {
			isa = PBXShellScriptBuildPhase;
			buildActionMask = 2147483647;
			files = (
			);
			inputFileListPaths = (
			);
			inputPaths = (
				"${PODS_PODFILE_DIR_PATH}/Podfile.lock",
				"${PODS_ROOT}/Manifest.lock",
			);
			name = "[CP] Check Pods Manifest.lock";
			outputFileListPaths = (
			);
			outputPaths = (
				"$(DERIVED_FILE_DIR)/Pods-unitytenpat-checkManifestLockResult.txt",
			);
			runOnlyForDeploymentPostprocessing = 0;
			shellPath = /bin/sh;
			shellScript = "diff \"${PODS_PODFILE_DIR_PATH}/Podfile.lock\" \"${PODS_ROOT}/Manifest.lock\" > /dev/null\nif [ $? != 0 ] ; then\n    # print error to STDERR\n    echo \"error: The sandbox is not in sync with the Podfile.lock. Run 'pod install' or update your CocoaPods installation.\" >&2\n    exit 1\nfi\n# This output is used by Xcode 'outputs' to avoid re-running this script phase.\necho \"SUCCESS\" > \"${SCRIPT_OUTPUT_FILE_0}\"\n";
			showEnvVarsInLog = 0;
		};
		4B67201FA21F428FA31ABA06 /* [CP] Embed Pods Frameworks */ = {
			isa = PBXShellScriptBuildPhase;
			buildActionMask = 2147483647;
			files = (
			);
			inputFileListPaths = (
				"${PODS_ROOT}/Target Support Files/Pods-unitytenpat/Pods-unitytenpat-frameworks-${CONFIGURATION}-input-files.xcfilelist",
			);
			name = "[CP] Embed Pods Frameworks";
			outputFileListPaths = (
				"${PODS_ROOT}/Target Support Files/Pods-unitytenpat/Pods-unitytenpat-frameworks-${CONFIGURATION}-output-files.xcfilelist",
			);
			runOnlyForDeploymentPostprocessing = 0;
			shellPath = /bin/sh;
			shellScript = "\"${PODS_ROOT}/Target Support Files/Pods-unitytenpat/Pods-unitytenpat-frameworks.sh\"\n";
			showEnvVarsInLog = 0;
		};
/* End PBXShellScriptBuildPhase section */

/* Begin PBXSourcesBuildPhase section */
		E00E385B2C32AC7D006D535C /* Sources */ = {
			isa = PBXSourcesBuildPhase;
			buildActionMask = 2147483647;
			files = (
				E00E386A2C32AC7D006D535C /* ViewController.m in Sources */,
				E00E38642C32AC7D006D535C /* AppDelegate.m in Sources */,
				E00E38752C32AC7E006D535C /* main.m in Sources */,
			);
			runOnlyForDeploymentPostprocessing = 0;
		};
		E00E38762C32AC7E006D535C /* Sources */ = {
			isa = PBXSourcesBuildPhase;
			buildActionMask = 2147483647;
			files = (
				E00E387F2C32AC7E006D535C /* unitytenpatTests.m in Sources */,
			);
			runOnlyForDeploymentPostprocessing = 0;
		};
		E00E38802C32AC7E006D535C /* Sources */ = {
			isa = PBXSourcesBuildPhase;
			buildActionMask = 2147483647;
			files = (
				E00E388B2C32AC7E006D535C /* unitytenpatUITestsLaunchTests.m in Sources */,
				E00E38892C32AC7E006D535C /* unitytenpatUITests.m in Sources */,
			);
			runOnlyForDeploymentPostprocessing = 0;
		};
/* End PBXSourcesBuildPhase section */

/* Begin PBXTargetDependency section */
		E00E387C2C32AC7E006D535C /* PBXTargetDependency */ = {
			isa = PBXTargetDependency;
			target = E00E385E2C32AC7D006D535C /* unitytenpat */;
			targetProxy = E00E387B2C32AC7E006D535C /* PBXContainerItemProxy */;
		};
		E00E38862C32AC7E006D535C /* PBXTargetDependency */ = {
			isa = PBXTargetDependency;
			target = E00E385E2C32AC7D006D535C /* unitytenpat */;
			targetProxy = E00E38852C32AC7E006D535C /* PBXContainerItemProxy */;
		};
/* End PBXTargetDependency section */

/* Begin PBXVariantGroup section */
		E00E386B2C32AC7D006D535C /* Main.storyboard */ = {
			isa = PBXVariantGroup;
			children = (
				E00E386C2C32AC7D006D535C /* Base */,
			);
			name = Main.storyboard;
			sourceTree = "<group>";
		};
		E00E38702C32AC7E006D535C /* LaunchScreen.storyboard */ = {
			isa = PBXVariantGroup;
			children = (
				E00E38712C32AC7E006D535C /* Base */,
			);
			name = LaunchScreen.storyboard;
			sourceTree = "<group>";
		};
/* End PBXVariantGroup section */

/* Begin XCBuildConfiguration section */
		E00E388C2C32AC7E006D535C /* Debug */ = {
			isa = XCBuildConfiguration;
			buildSettings = {
				ALWAYS_SEARCH_USER_PATHS = NO;
				ASSETCATALOG_COMPILER_GENERATE_SWIFT_ASSET_SYMBOL_EXTENSIONS = YES;
				CLANG_ANALYZER_NONNULL = YES;
				CLANG_ANALYZER_NUMBER_OBJECT_CONVERSION = YES_AGGRESSIVE;
				CLANG_CXX_LANGUAGE_STANDARD = "gnu++20";
				CLANG_ENABLE_MODULES = YES;
				CLANG_ENABLE_OBJC_ARC = YES;
				CLANG_ENABLE_OBJC_WEAK = YES;
				CLANG_WARN_BLOCK_CAPTURE_AUTORELEASING = YES;
				CLANG_WARN_BOOL_CONVERSION = YES;
				CLANG_WARN_COMMA = YES;
				CLANG_WARN_CONSTANT_CONVERSION = YES;
				CLANG_WARN_DEPRECATED_OBJC_IMPLEMENTATIONS = YES;
				CLANG_WARN_DIRECT_OBJC_ISA_USAGE = YES_ERROR;
				CLANG_WARN_DOCUMENTATION_COMMENTS = YES;
				CLANG_WARN_EMPTY_BODY = YES;
				CLANG_WARN_ENUM_CONVERSION = YES;
				CLANG_WARN_INFINITE_RECURSION = YES;
				CLANG_WARN_INT_CONVERSION = YES;
				CLANG_WARN_NON_LITERAL_NULL_CONVERSION = YES;
				CLANG_WARN_OBJC_IMPLICIT_RETAIN_SELF = YES;
				CLANG_WARN_OBJC_LITERAL_CONVERSION = YES;
				CLANG_WARN_OBJC_ROOT_CLASS = YES_ERROR;
				CLANG_WARN_QUOTED_INCLUDE_IN_FRAMEWORK_HEADER = YES;
				CLANG_WARN_RANGE_LOOP_ANALYSIS = YES;
				CLANG_WARN_STRICT_PROTOTYPES = YES;
				CLANG_WARN_SUSPICIOUS_MOVE = YES;
				CLANG_WARN_UNGUARDED_AVAILABILITY = YES_AGGRESSIVE;
				CLANG_WARN_UNREACHABLE_CODE = YES;
				CLANG_WARN__DUPLICATE_METHOD_MATCH = YES;
				COPY_PHASE_STRIP = NO;
				DEBUG_INFORMATION_FORMAT = dwarf;
				ENABLE_STRICT_OBJC_MSGSEND = YES;
				ENABLE_TESTABILITY = YES;
				ENABLE_USER_SCRIPT_SANDBOXING = YES;
				GCC_C_LANGUAGE_STANDARD = gnu17;
				GCC_DYNAMIC_NO_PIC = NO;
				GCC_NO_COMMON_BLOCKS = YES;
				GCC_OPTIMIZATION_LEVEL = 0;
				GCC_PREPROCESSOR_DEFINITIONS = (
					"DEBUG=1",
					"$(inherited)",
				);
				GCC_WARN_64_TO_32_BIT_CONVERSION = YES;
				GCC_WARN_ABOUT_RETURN_TYPE = YES_ERROR;
				GCC_WARN_UNDECLARED_SELECTOR = YES;
				GCC_WARN_UNINITIALIZED_AUTOS = YES_AGGRESSIVE;
				GCC_WARN_UNUSED_FUNCTION = YES;
				GCC_WARN_UNUSED_VARIABLE = YES;
				IPHONEOS_DEPLOYMENT_TARGET = 17.2;
				LOCALIZATION_PREFERS_STRING_CATALOGS = YES;
				MTL_ENABLE_DEBUG_INFO = INCLUDE_SOURCE;
				MTL_FAST_MATH = YES;
				ONLY_ACTIVE_ARCH = YES;
				SDKROOT = iphoneos;
			};
			name = Debug;
		};
		E00E388D2C32AC7E006D535C /* Release */ = {
			isa = XCBuildConfiguration;
			buildSettings = {
				ALWAYS_SEARCH_USER_PATHS = NO;
				ASSETCATALOG_COMPILER_GENERATE_SWIFT_ASSET_SYMBOL_EXTENSIONS = YES;
				CLANG_ANALYZER_NONNULL = YES;
				CLANG_ANALYZER_NUMBER_OBJECT_CONVERSION = YES_AGGRESSIVE;
				CLANG_CXX_LANGUAGE_STANDARD = "gnu++20";
				CLANG_ENABLE_MODULES = YES;
				CLANG_ENABLE_OBJC_ARC = YES;
				CLANG_ENABLE_OBJC_WEAK = YES;
				CLANG_WARN_BLOCK_CAPTURE_AUTORELEASING = YES;
				CLANG_WARN_BOOL_CONVERSION = YES;
				CLANG_WARN_COMMA = YES;
				CLANG_WARN_CONSTANT_CONVERSION = YES;
				CLANG_WARN_DEPRECATED_OBJC_IMPLEMENTATIONS = YES;
				CLANG_WARN_DIRECT_OBJC_ISA_USAGE = YES_ERROR;
				CLANG_WARN_DOCUMENTATION_COMMENTS = YES;
				CLANG_WARN_EMPTY_BODY = YES;
				CLANG_WARN_ENUM_CONVERSION = YES;
				CLANG_WARN_INFINITE_RECURSION = YES;
				CLANG_WARN_INT_CONVERSION = YES;
				CLANG_WARN_NON_LITERAL_NULL_CONVERSION = YES;
				CLANG_WARN_OBJC_IMPLICIT_RETAIN_SELF = YES;
				CLANG_WARN_OBJC_LITERAL_CONVERSION = YES;
				CLANG_WARN_OBJC_ROOT_CLASS = YES_ERROR;
				CLANG_WARN_QUOTED_INCLUDE_IN_FRAMEWORK_HEADER = YES;
				CLANG_WARN_RANGE_LOOP_ANALYSIS = YES;
				CLANG_WARN_STRICT_PROTOTYPES = YES;
				CLANG_WARN_SUSPICIOUS_MOVE = YES;
				CLANG_WARN_UNGUARDED_AVAILABILITY = YES_AGGRESSIVE;
				CLANG_WARN_UNREACHABLE_CODE = YES;
				CLANG_WARN__DUPLICATE_METHOD_MATCH = YES;
				COPY_PHASE_STRIP = NO;
				DEBUG_INFORMATION_FORMAT = "dwarf-with-dsym";
				ENABLE_NS_ASSERTIONS = NO;
				ENABLE_STRICT_OBJC_MSGSEND = YES;
				ENABLE_USER_SCRIPT_SANDBOXING = YES;
				GCC_C_LANGUAGE_STANDARD = gnu17;
				GCC_NO_COMMON_BLOCKS = YES;
				GCC_WARN_64_TO_32_BIT_CONVERSION = YES;
				GCC_WARN_ABOUT_RETURN_TYPE = YES_ERROR;
				GCC_WARN_UNDECLARED_SELECTOR = YES;
				GCC_WARN_UNINITIALIZED_AUTOS = YES_AGGRESSIVE;
				GCC_WARN_UNUSED_FUNCTION = YES;
				GCC_WARN_UNUSED_VARIABLE = YES;
				IPHONEOS_DEPLOYMENT_TARGET = 17.2;
				LOCALIZATION_PREFERS_STRING_CATALOGS = YES;
				MTL_ENABLE_DEBUG_INFO = NO;
				MTL_FAST_MATH = YES;
				SDKROOT = iphoneos;
				VALIDATE_PRODUCT = YES;
			};
			name = Release;
		};
		E00E388F2C32AC7E006D535C /* Debug */ = {
			isa = XCBuildConfiguration;
			baseConfigurationReference = 858F9C7CCF71F8E679473BAE /* Pods-unitytenpat.debug.xcconfig */;
			buildSettings = {
				ASSETCATALOG_COMPILER_APPICON_NAME = AppIcon;
				ASSETCATALOG_COMPILER_GLOBAL_ACCENT_COLOR_NAME = AccentColor;
				CODE_SIGN_IDENTITY = "Apple Development";
				CODE_SIGN_STYLE = Manual;
				CURRENT_PROJECT_VERSION = 1.1;
				DEVELOPMENT_TEAM = "";
				ENABLE_USER_SCRIPT_SANDBOXING = NO;
				GENERATE_INFOPLIST_FILE = YES;
				INFOPLIST_FILE = unitytenpat/Info.plist;
				INFOPLIST_KEY_CFBundleDisplayName = "Teen Patti JACK";
				INFOPLIST_KEY_UIApplicationSupportsIndirectInputEvents = YES;
				INFOPLIST_KEY_UILaunchStoryboardName = LaunchScreen;
				INFOPLIST_KEY_UIMainStoryboardFile = Main;
				INFOPLIST_KEY_UISupportedInterfaceOrientations = UIInterfaceOrientationLandscapeRight;
				INFOPLIST_KEY_UISupportedInterfaceOrientations_iPad = "UIInterfaceOrientationLandscapeLeft UIInterfaceOrientationLandscapeRight UIInterfaceOrientationPortrait UIInterfaceOrientationPortraitUpsideDown";
				IPHONEOS_DEPLOYMENT_TARGET = 14.0;
				LD_RUNPATH_SEARCH_PATHS = (
					"$(inherited)",
					"@executable_path/Frameworks",
				);
				MARKETING_VERSION = 1.0;
				PRODUCT_BUNDLE_IDENTIFIER = com.unitypattwooneyuenan;
				PRODUCT_NAME = "$(TARGET_NAME)";
				PROVISIONING_PROFILE_SPECIFIER = "";
				SUPPORTED_PLATFORMS = "iphoneos iphonesimulator";
				SUPPORTS_MACCATALYST = NO;
				SWIFT_EMIT_LOC_STRINGS = YES;
				TARGETED_DEVICE_FAMILY = 1;
			};
			name = Debug;
		};
		E00E38902C32AC7E006D535C /* Release */ = {
			isa = XCBuildConfiguration;
			baseConfigurationReference = E2589DB726BE390FB171DD1A /* Pods-unitytenpat.release.xcconfig */;
			buildSettings = {
				ASSETCATALOG_COMPILER_APPICON_NAME = AppIcon;
				ASSETCATALOG_COMPILER_GLOBAL_ACCENT_COLOR_NAME = AccentColor;
				CODE_SIGN_IDENTITY = "Apple Development";
				CODE_SIGN_STYLE = Manual;
				CURRENT_PROJECT_VERSION = 1.1;
				DEVELOPMENT_TEAM = "";
				ENABLE_USER_SCRIPT_SANDBOXING = NO;
				GENERATE_INFOPLIST_FILE = YES;
				INFOPLIST_FILE = unitytenpat/Info.plist;
				INFOPLIST_KEY_CFBundleDisplayName = "Teen Patti JACK";
				INFOPLIST_KEY_UIApplicationSupportsIndirectInputEvents = YES;
				INFOPLIST_KEY_UILaunchStoryboardName = LaunchScreen;
				INFOPLIST_KEY_UIMainStoryboardFile = Main;
				INFOPLIST_KEY_UISupportedInterfaceOrientations = UIInterfaceOrientationLandscapeRight;
				INFOPLIST_KEY_UISupportedInterfaceOrientations_iPad = "UIInterfaceOrientationLandscapeLeft UIInterfaceOrientationLandscapeRight UIInterfaceOrientationPortrait UIInterfaceOrientationPortraitUpsideDown";
				IPHONEOS_DEPLOYMENT_TARGET = 14.0;
				LD_RUNPATH_SEARCH_PATHS = (
					"$(inherited)",
					"@executable_path/Frameworks",
				);
				MARKETING_VERSION = 1.0;
				PRODUCT_BUNDLE_IDENTIFIER = com.unitypattwooneyuenan;
				PRODUCT_NAME = "$(TARGET_NAME)";
				PROVISIONING_PROFILE_SPECIFIER = "";
				SUPPORTED_PLATFORMS = "iphoneos iphonesimulator";
				SUPPORTS_MACCATALYST = NO;
				SWIFT_EMIT_LOC_STRINGS = YES;
				TARGETED_DEVICE_FAMILY = 1;
			};
			name = Release;
		};
		E00E38922C32AC7E006D535C /* Debug */ = {
			isa = XCBuildConfiguration;
			buildSettings = {
				BUNDLE_LOADER = "$(TEST_HOST)";
				CODE_SIGN_STYLE = Automatic;
				CURRENT_PROJECT_VERSION = 1;
				GENERATE_INFOPLIST_FILE = YES;
				IPHONEOS_DEPLOYMENT_TARGET = 17.2;
				MARKETING_VERSION = 1.0;
				PRODUCT_BUNDLE_IDENTIFIER = com.DefaultCompanymypoerk.unitytenpatTests;
				PRODUCT_NAME = "$(TARGET_NAME)";
				SWIFT_EMIT_LOC_STRINGS = NO;
				TARGETED_DEVICE_FAMILY = "1,2";
				TEST_HOST = "$(BUILT_PRODUCTS_DIR)/unitytenpat.app/$(BUNDLE_EXECUTABLE_FOLDER_PATH)/unitytenpat";
			};
			name = Debug;
		};
		E00E38932C32AC7E006D535C /* Release */ = {
			isa = XCBuildConfiguration;
			buildSettings = {
				BUNDLE_LOADER = "$(TEST_HOST)";
				CODE_SIGN_STYLE = Automatic;
				CURRENT_PROJECT_VERSION = 1;
				GENERATE_INFOPLIST_FILE = YES;
				IPHONEOS_DEPLOYMENT_TARGET = 17.2;
				MARKETING_VERSION = 1.0;
				PRODUCT_BUNDLE_IDENTIFIER = com.DefaultCompanymypoerk.unitytenpatTests;
				PRODUCT_NAME = "$(TARGET_NAME)";
				SWIFT_EMIT_LOC_STRINGS = NO;
				TARGETED_DEVICE_FAMILY = "1,2";
				TEST_HOST = "$(BUILT_PRODUCTS_DIR)/unitytenpat.app/$(BUNDLE_EXECUTABLE_FOLDER_PATH)/unitytenpat";
			};
			name = Release;
		};
		E00E38952C32AC7E006D535C /* Debug */ = {
			isa = XCBuildConfiguration;
			buildSettings = {
				CODE_SIGN_STYLE = Automatic;
				CURRENT_PROJECT_VERSION = 1;
				GENERATE_INFOPLIST_FILE = YES;
				MARKETING_VERSION = 1.0;
				PRODUCT_BUNDLE_IDENTIFIER = com.DefaultCompanymypoerk.unitytenpatUITests;
				PRODUCT_NAME = "$(TARGET_NAME)";
				SWIFT_EMIT_LOC_STRINGS = NO;
				TARGETED_DEVICE_FAMILY = "1,2";
				TEST_TARGET_NAME = unitytenpat;
			};
			name = Debug;
		};
		E00E38962C32AC7E006D535C /* Release */ = {
			isa = XCBuildConfiguration;
			buildSettings = {
				CODE_SIGN_STYLE = Automatic;
				CURRENT_PROJECT_VERSION = 1;
				GENERATE_INFOPLIST_FILE = YES;
				MARKETING_VERSION = 1.0;
				PRODUCT_BUNDLE_IDENTIFIER = com.DefaultCompanymypoerk.unitytenpatUITests;
				PRODUCT_NAME = "$(TARGET_NAME)";
				SWIFT_EMIT_LOC_STRINGS = NO;
				TARGETED_DEVICE_FAMILY = "1,2";
				TEST_TARGET_NAME = unitytenpat;
			};
			name = Release;
		};
/* End XCBuildConfiguration section */

/* Begin XCConfigurationList section */
		E00E385A2C32AC7D006D535C /* Build configuration list for PBXProject "unitytenpat" */ = {
			isa = XCConfigurationList;
			buildConfigurations = (
				E00E388C2C32AC7E006D535C /* Debug */,
				E00E388D2C32AC7E006D535C /* Release */,
			);
			defaultConfigurationIsVisible = 0;
			defaultConfigurationName = Release;
		};
		E00E388E2C32AC7E006D535C /* Build configuration list for PBXNativeTarget "unitytenpat" */ = {
			isa = XCConfigurationList;
			buildConfigurations = (
				E00E388F2C32AC7E006D535C /* Debug */,
				E00E38902C32AC7E006D535C /* Release */,
			);
			defaultConfigurationIsVisible = 0;
			defaultConfigurationName = Release;
		};
		E00E38912C32AC7E006D535C /* Build configuration list for PBXNativeTarget "unitytenpatTests" */ = {
			isa = XCConfigurationList;
			buildConfigurations = (
				E00E38922C32AC7E006D535C /* Debug */,
				E00E38932C32AC7E006D535C /* Release */,
			);
			defaultConfigurationIsVisible = 0;
			defaultConfigurationName = Release;
		};
		E00E38942C32AC7E006D535C /* Build configuration list for PBXNativeTarget "unitytenpatUITests" */ = {
			isa = XCConfigurationList;
			buildConfigurations = (
				E00E38952C32AC7E006D535C /* Debug */,
				E00E38962C32AC7E006D535C /* Release */,
			);
			defaultConfigurationIsVisible = 0;
			defaultConfigurationName = Release;
		};
/* End XCConfigurationList section */
	};
	rootObject = E00E38572C32AC7D006D535C /* Project object */;
}
